
Microsoft Visual Studio Solution File, Format Version 12.00
# Visual Studio 14
VisualStudioVersion = 14.0.25420.1
MinimumVisualStudioVersion = 10.0.40219.1
Project("{FAE04EC0-301F-11D3-BF4B-00C04F79EFBC}") = "Lesson2Excercise", "Lesson2Excercise\Lesson2Excercise.csproj", "{E12A34F5-3C1E-4B7C-BEE2-6329D6597C6E}"
EndProject
Project("{FAE04EC0-301F-11D3-BF4B-00C04F79EFBC}") = "Lesson1Excercise", "Lesson1Excercise\Lesson1Excercise\Lesson1Excercise.csproj", "{43990AD4-CF25-4166-9C51-0801729356A7}"
EndProject
Project("{FAE04EC0-301F-11D3-BF4B-00C04F79EFBC}") = "Lesson3Excercise", "Lesson3Excercise\Lesson3Excercise.csproj", "{89E6250E-5E73-453C-B375-26CA210B1850}"
EndProject
Global
	GlobalSection(SolutionConfigurationPlatforms) = preSolution
		Debug|Any CPU = Debug|Any CPU
		Debug|x86 = Debug|x86
		Release|Any CPU = Release|Any CPU
		Release|x86 = Release|x86
	EndGlobalSection
	GlobalSection(ProjectConfigurationPlatforms) = postSolution
		{E12A34F5-3C1E-4B7C-BEE2-6329D6597C6E}.Debug|Any CPU.ActiveCfg = Debug|Any CPU
		{E12A34F5-3C1E-4B7C-BEE2-6329D6597C6E}.Debug|Any CPU.Build.0 = Debug|Any CPU
		{E12A34F5-3C1E-4B7C-BEE2-6329D6597C6E}.Debug|x86.ActiveCfg = Debug|Any CPU
		{E12A34F5-3C1E-4B7C-BEE2-6329D6597C6E}.Debug|x86.Build.0 = Debug|Any CPU
		{E12A34F5-3C1E-4B7C-BEE2-6329D6597C6E}.Release|Any CPU.ActiveCfg = Release|Any CPU
		{E12A34F5-3C1E-4B7C-BEE2-6329D6597C6E}.Release|Any CPU.Build.0 = Release|Any CPU
		{E12A34F5-3C1E-4B7C-BEE2-6329D6597C6E}.Release|x86.ActiveCfg = Release|Any CPU
		{E12A34F5-3C1E-4B7C-BEE2-6329D6597C6E}.Release|x86.Build.0 = Release|Any CPU
		{43990AD4-CF25-4166-9C51-0801729356A7}.Debug|Any CPU.ActiveCfg = Debug|Any CPU
		{43990AD4-CF25-4166-9C51-0801729356A7}.Debug|Any CPU.Build.0 = Debug|Any CPU
		{43990AD4-CF25-4166-9C51-0801729356A7}.Debug|x86.ActiveCfg = Debug|Any CPU
		{43990AD4-CF25-4166-9C51-0801729356A7}.Debug|x86.Build.0 = Debug|Any CPU
		{43990AD4-CF25-4166-9C51-0801729356A7}.Release|Any CPU.ActiveCfg = Release|Any CPU
		{43990AD4-CF25-4166-9C51-0801729356A7}.Release|Any CPU.Build.0 = Release|Any CPU
		{43990AD4-CF25-4166-9C51-0801729356A7}.Release|x86.ActiveCfg = Release|Any CPU
		{43990AD4-CF25-4166-9C51-0801729356A7}.Release|x86.Build.0 = Release|Any CPU
		{89E6250E-5E73-453C-B375-26CA210B1850}.Debug|Any CPU.ActiveCfg = Debug|Any CPU
		{89E6250E-5E73-453C-B375-26CA210B1850}.Debug|Any CPU.Build.0 = Debug|Any CPU
		{89E6250E-5E73-453C-B375-26CA210B1850}.Debug|x86.ActiveCfg = Debug|Any CPU
		{89E6250E-5E73-453C-B375-26CA210B1850}.Debug|x86.Build.0 = Debug|Any CPU
		{89E6250E-5E73-453C-B375-26CA210B1850}.Release|Any CPU.ActiveCfg = Release|Any CPU
		{89E6250E-5E73-453C-B375-26CA210B1850}.Release|Any CPU.Build.0 = Release|Any CPU
		{89E6250E-5E73-453C-B375-26CA210B1850}.Release|x86.ActiveCfg = Release|Any CPU
		{89E6250E-5E73-453C-B375-26CA210B1850}.Release|x86.Build.0 = Release|Any CPU
	EndGlobalSection
	GlobalSection(SolutionProperties) = preSolution
		HideSolutionNode = FALSE
	EndGlobalSection
EndGlobal
